# Code generated by scarb DO NOT EDIT.
version = 1

[[package]]
name = "alexandria_bytes"
version = "0.6.1"
source = "registry+https://scarbs.xyz/"
checksum = "sha256:b1a402330fe5356ca0a4f24d2b8dd1fb0a7e2568bf35c349319cadb53f0ed6fd"
dependencies = [
 "alexandria_data_structures",
 "alexandria_math",
]

[[package]]
name = "alexandria_data_structures"
version = "0.6.1"
source = "registry+https://scarbs.xyz/"
checksum = "sha256:f011951982ca26ce64c212ca5aa739bd16461dae96a4fb9a8f8e360b1c5e7b94"

[[package]]
name = "alexandria_math"
version = "0.6.1"
source = "registry+https://scarbs.xyz/"
checksum = "sha256:19160f0993a6643e8e71a3bce03e54a37f26b8cad94f21668d7cc9afd08d2047"

[[package]]
name = "ekubo"
version = "0.1.0"
source = "git+https://github.com/ekuboprotocol/starknet-contracts#cf2e95fd124bfb19491e1a7da9ffba4b63cc6c4e"

[[package]]
name = "openzeppelin"
version = "3.0.0-alpha.3"
source = "git+https://github.com/OpenZeppelin/cairo-contracts#1e5a44ec50d7625395ca8322eec971ce8abb5bc1"
dependencies = [
 "openzeppelin_access",
 "openzeppelin_account",
 "openzeppelin_finance",
 "openzeppelin_governance",
 "openzeppelin_interfaces",
 "openzeppelin_introspection",
 "openzeppelin_merkle_tree",
 "openzeppelin_presets",
 "openzeppelin_security",
 "openzeppelin_token",
 "openzeppelin_upgrades",
 "openzeppelin_utils",
]

[[package]]
name = "openzeppelin_access"
version = "3.0.0-alpha.3"
source = "git+https://github.com/OpenZeppelin/cairo-contracts#1e5a44ec50d7625395ca8322eec971ce8abb5bc1"
dependencies = [
 "openzeppelin_interfaces",
 "openzeppelin_introspection",
]

[[package]]
name = "openzeppelin_account"
version = "3.0.0-alpha.3"
source = "git+https://github.com/OpenZeppelin/cairo-contracts#1e5a44ec50d7625395ca8322eec971ce8abb5bc1"
dependencies = [
 "openzeppelin_interfaces",
 "openzeppelin_introspection",
 "openzeppelin_utils",
]

[[package]]
name = "openzeppelin_finance"
version = "3.0.0-alpha.3"
source = "git+https://github.com/OpenZeppelin/cairo-contracts#1e5a44ec50d7625395ca8322eec971ce8abb5bc1"
dependencies = [
 "openzeppelin_access",
 "openzeppelin_interfaces",
 "openzeppelin_token",
]

[[package]]
name = "openzeppelin_governance"
version = "3.0.0-alpha.3"
source = "git+https://github.com/OpenZeppelin/cairo-contracts#1e5a44ec50d7625395ca8322eec971ce8abb5bc1"
dependencies = [
 "openzeppelin_access",
 "openzeppelin_interfaces",
 "openzeppelin_introspection",
 "openzeppelin_token",
 "openzeppelin_utils",
]

[[package]]
name = "openzeppelin_interfaces"
version = "2.1.0-alpha.0"
source = "git+https://github.com/OpenZeppelin/cairo-contracts#1e5a44ec50d7625395ca8322eec971ce8abb5bc1"

[[package]]
name = "openzeppelin_introspection"
version = "3.0.0-alpha.3"
source = "git+https://github.com/OpenZeppelin/cairo-contracts#1e5a44ec50d7625395ca8322eec971ce8abb5bc1"
dependencies = [
 "openzeppelin_interfaces",
]

[[package]]
name = "openzeppelin_merkle_tree"
version = "3.0.0-alpha.3"
source = "git+https://github.com/OpenZeppelin/cairo-contracts#1e5a44ec50d7625395ca8322eec971ce8abb5bc1"

[[package]]
name = "openzeppelin_presets"
version = "3.0.0-alpha.3"
source = "git+https://github.com/OpenZeppelin/cairo-contracts#1e5a44ec50d7625395ca8322eec971ce8abb5bc1"
dependencies = [
 "openzeppelin_access",
 "openzeppelin_account",
 "openzeppelin_finance",
 "openzeppelin_interfaces",
 "openzeppelin_introspection",
 "openzeppelin_token",
 "openzeppelin_upgrades",
 "openzeppelin_utils",
]

[[package]]
name = "openzeppelin_security"
version = "3.0.0-alpha.3"
source = "git+https://github.com/OpenZeppelin/cairo-contracts#1e5a44ec50d7625395ca8322eec971ce8abb5bc1"
dependencies = [
 "openzeppelin_interfaces",
]

[[package]]
name = "openzeppelin_token"
version = "3.0.0-alpha.3"
source = "git+https://github.com/OpenZeppelin/cairo-contracts#1e5a44ec50d7625395ca8322eec971ce8abb5bc1"
dependencies = [
 "openzeppelin_access",
 "openzeppelin_interfaces",
 "openzeppelin_introspection",
 "openzeppelin_utils",
]

[[package]]
name = "openzeppelin_upgrades"
version = "3.0.0-alpha.3"
source = "git+https://github.com/OpenZeppelin/cairo-contracts#1e5a44ec50d7625395ca8322eec971ce8abb5bc1"

[[package]]
name = "openzeppelin_utils"
version = "2.1.0-alpha.0"
source = "git+https://github.com/OpenZeppelin/cairo-contracts#1e5a44ec50d7625395ca8322eec971ce8abb5bc1"
dependencies = [
 "openzeppelin_interfaces",
]

[[package]]
name = "snforge_scarb_plugin"
version = "0.48.1"
source = "registry+https://scarbs.xyz/"
checksum = "sha256:2dd27e8215eea8785b3930e9f452e11b429ca262b1c1fbb071bfc173b9ebc125"

[[package]]
name = "snforge_std"
version = "0.48.1"
source = "registry+https://scarbs.xyz/"
checksum = "sha256:89f759fa685d48ed0ba7152d2ac2eb168da08dfa8b84b2bee96e203dc5b2413e"
dependencies = [
 "snforge_scarb_plugin",
]

[[package]]
name = "starknet_vault_kit"
version = "0.1.0"
dependencies = [
 "snforge_std",
 "vault",
 "vault_allocator",
]

[[package]]
name = "vault"
version = "0.1.0"
dependencies = [
 "alexandria_math",
 "openzeppelin",
 "snforge_std",
 "vault_allocator",
]

[[package]]
name = "vault_allocator"
version = "0.1.0"
dependencies = [
 "alexandria_bytes",
 "alexandria_math",
 "ekubo",
 "openzeppelin",
 "snforge_std",
]
